
Microsoft Visual Studio Solution File, Format Version 12.00
# Visual Studio Version 16
VisualStudioVersion = 16.0.30413.136
MinimumVisualStudioVersion = 10.0.40219.1
Project("{2150E333-8FDC-42A3-9474-1A3956D46DE8}") = "src", "src", "{C7542BD9-F69F-4077-A4CE-417616DBF4E7}"
EndProject
Project("{FAE04EC0-301F-11D3-BF4B-00C04F79EFBC}") = "Conoscenza.Ddd", "src\Conoscenza.Ddd\Conoscenza.Ddd.csproj", "{91A43075-1225-48B5-A49E-E2208297328B}"
EndProject
Project("{2150E333-8FDC-42A3-9474-1A3956D46DE8}") = "test", "test", "{35722B7D-3271-402D-A7C6-3DEA3DC942B9}"
EndProject
Project("{2150E333-8FDC-42A3-9474-1A3956D46DE8}") = "examples", "examples", "{B6ABEC7B-F924-493C-BEBC-2094F7649254}"
EndProject
Project("{FAE04EC0-301F-11D3-BF4B-00C04F79EFBC}") = "KnowledgeConsole", "examples\KnowledgeConsole\KnowledgeConsole.csproj", "{9811840B-E132-48CD-B1AF-37EE9BF88451}"
EndProject
Global
	GlobalSection(SolutionConfigurationPlatforms) = preSolution
		Debug|Any CPU = Debug|Any CPU
		Release|Any CPU = Release|Any CPU
	EndGlobalSection
	GlobalSection(ProjectConfigurationPlatforms) = postSolution
		{91A43075-1225-48B5-A49E-E2208297328B}.Debug|Any CPU.ActiveCfg = Debug|Any CPU
		{91A43075-1225-48B5-A49E-E2208297328B}.Debug|Any CPU.Build.0 = Debug|Any CPU
		{91A43075-1225-48B5-A49E-E2208297328B}.Release|Any CPU.ActiveCfg = Release|Any CPU
		{91A43075-1225-48B5-A49E-E2208297328B}.Release|Any CPU.Build.0 = Release|Any CPU
		{9811840B-E132-48CD-B1AF-37EE9BF88451}.Debug|Any CPU.ActiveCfg = Debug|Any CPU
		{9811840B-E132-48CD-B1AF-37EE9BF88451}.Debug|Any CPU.Build.0 = Debug|Any CPU
		{9811840B-E132-48CD-B1AF-37EE9BF88451}.Release|Any CPU.ActiveCfg = Release|Any CPU
		{9811840B-E132-48CD-B1AF-37EE9BF88451}.Release|Any CPU.Build.0 = Release|Any CPU
	EndGlobalSection
	GlobalSection(SolutionProperties) = preSolution
		HideSolutionNode = FALSE
	EndGlobalSection
	GlobalSection(NestedProjects) = preSolution
		{91A43075-1225-48B5-A49E-E2208297328B} = {C7542BD9-F69F-4077-A4CE-417616DBF4E7}
		{9811840B-E132-48CD-B1AF-37EE9BF88451} = {B6ABEC7B-F924-493C-BEBC-2094F7649254}
	EndGlobalSection
	GlobalSection(ExtensibilityGlobals) = postSolution
		SolutionGuid = {980798B1-425F-474D-B87E-7FFA68CED959}
	EndGlobalSection
EndGlobal
